
Microsoft Visual Studio Solution File, Format Version 12.00
# Visual Studio Version 17
VisualStudioVersion = 17.11.35303.130
MinimumVisualStudioVersion = 10.0.40219.1
Project("{2150E333-8FDC-42A3-9474-1A3956D46DE8}") = "Task0", "Task0", "{12538620-9692-43CE-9AA4-E9FF24EEAC3A}"
EndProject
Project("{FAE04EC0-301F-11D3-BF4B-00C04F79EFBC}") = "Tyuiu.NazarovaKH.Sprint5.Task0.V7", "Tyuiu.NazarovaKH.Sprint5.Task0.V7\Tyuiu.NazarovaKH.Sprint5.Task0.V7.csproj", "{C1145333-4690-4427-9CAF-408C885A6CE2}"
EndProject
Project("{FAE04EC0-301F-11D3-BF4B-00C04F79EFBC}") = "Tyuiu.NazarovaKH.Sprint5.Task0.V7.Lib", "Tyuiu.NazarovaKH.Sprint5.Task0.V7.Lib\Tyuiu.NazarovaKH.Sprint5.Task0.V7.Lib.csproj", "{2BD8A02C-2452-4B2C-8009-52528051C09C}"
EndProject
Project("{FAE04EC0-301F-11D3-BF4B-00C04F79EFBC}") = "Tyuiu.NazarovaKH.Sprint5.Task0.V7.Test", "Tyuiu.NazarovaKH.Sprint5.Task0.V7.Test\Tyuiu.NazarovaKH.Sprint5.Task0.V7.Test.csproj", "{B730B539-189E-4021-A658-5F1198866E14}"
EndProject
Project("{2150E333-8FDC-42A3-9474-1A3956D46DE8}") = "Task1", "Task1", "{6FACB451-EA81-41C9-ADFE-E53519BAC489}"
EndProject
Project("{FAE04EC0-301F-11D3-BF4B-00C04F79EFBC}") = "Tyuiu.NazarovaKH.Sprint5.Task1.V24", "Tyuiu.NazarovaKH.Sprint5.Task1.V24\Tyuiu.NazarovaKH.Sprint5.Task1.V24.csproj", "{3FB82F25-3EC3-479C-8F81-40AEAD8EF39C}"
EndProject
Project("{FAE04EC0-301F-11D3-BF4B-00C04F79EFBC}") = "Tyuiu.NazarovaKH.Sprint5.Task1.V24.Lib", "Tyuiu.NazarovaKH.Sprint5.Task1.V24.Lib\Tyuiu.NazarovaKH.Sprint5.Task1.V24.Lib.csproj", "{F5A85DE2-D8C5-4EC4-893D-7DA1AC1F8BBF}"
EndProject
Project("{FAE04EC0-301F-11D3-BF4B-00C04F79EFBC}") = "Tyuiu.NazarovaKH.Sprint5.Task1.V24.Test", "Tyuiu.NazarovaKH.Sprint5.Task1.V24.Test\Tyuiu.NazarovaKH.Sprint5.Task1.V24.Test.csproj", "{C3CA1454-BD16-4F16-A74B-4F8E31AE0A76}"
EndProject
Project("{2150E333-8FDC-42A3-9474-1A3956D46DE8}") = "Task2", "Task2", "{47E70E05-6111-4491-8376-5140E9D531F3}"
EndProject
Project("{FAE04EC0-301F-11D3-BF4B-00C04F79EFBC}") = "Tyuiu.NazarovaKH.Sprint5.Task2.V26", "Tyuiu.NazarovaKH.Sprint5.Task2.V26\Tyuiu.NazarovaKH.Sprint5.Task2.V26.csproj", "{C52F985D-302B-4211-9E5B-92568112022E}"
EndProject
Project("{FAE04EC0-301F-11D3-BF4B-00C04F79EFBC}") = "Tyuiu.NazarovaKH.Sprint5.Task2.V26.Lib", "Tyuiu.NazarovaKH.Sprint5.Task2.V26.Lib\Tyuiu.NazarovaKH.Sprint5.Task2.V26.Lib.csproj", "{343BCF28-0906-4BF5-90AA-B34B850EE34D}"
EndProject
Project("{FAE04EC0-301F-11D3-BF4B-00C04F79EFBC}") = "Tyuiu.NazarovaKH.Sprint5.Task2.V26.Test", "Tyuiu.NazarovaKH.Sprint5.Task2.V26.Test\Tyuiu.NazarovaKH.Sprint5.Task2.V26.Test.csproj", "{DA55B365-3130-444E-BA18-2EBE67218732}"
EndProject
Project("{2150E333-8FDC-42A3-9474-1A3956D46DE8}") = "Task3", "Task3", "{D48623AF-61EA-4F09-9284-812CC22B30F1}"
EndProject
Project("{FAE04EC0-301F-11D3-BF4B-00C04F79EFBC}") = "Tyuiu.NazarovaKH.Sprint5.Task3.V4", "Tyuiu.NazarovaKH.Sprint5.Task3.V4\Tyuiu.NazarovaKH.Sprint5.Task3.V4.csproj", "{7653944D-97A6-4468-8F12-E9D903777253}"
EndProject
Project("{FAE04EC0-301F-11D3-BF4B-00C04F79EFBC}") = "Tyuiu.NazarovaKH.Sprint5.Task3.V4.Lib", "Tyuiu.NazarovaKH.Sprint5.Task3.V4.Lib\Tyuiu.NazarovaKH.Sprint5.Task3.V4.Lib.csproj", "{6BA5C9FA-99C0-4A0D-AD92-9341DF8F2D32}"
EndProject
Project("{FAE04EC0-301F-11D3-BF4B-00C04F79EFBC}") = "Tyuiu.NazarovaKH.Sprint5.Task3.V4.Test", "Tyuiu.NazarovaKH.Sprint5.Task3.V4.Test\Tyuiu.NazarovaKH.Sprint5.Task3.V4.Test.csproj", "{E4D0CADE-573B-4A31-A698-145D3C02053E}"
EndProject
Global
	GlobalSection(SolutionConfigurationPlatforms) = preSolution
		Debug|Any CPU = Debug|Any CPU
		Release|Any CPU = Release|Any CPU
	EndGlobalSection
	GlobalSection(ProjectConfigurationPlatforms) = postSolution
		{C1145333-4690-4427-9CAF-408C885A6CE2}.Debug|Any CPU.ActiveCfg = Debug|Any CPU
		{C1145333-4690-4427-9CAF-408C885A6CE2}.Debug|Any CPU.Build.0 = Debug|Any CPU
		{C1145333-4690-4427-9CAF-408C885A6CE2}.Release|Any CPU.ActiveCfg = Release|Any CPU
		{C1145333-4690-4427-9CAF-408C885A6CE2}.Release|Any CPU.Build.0 = Release|Any CPU
		{2BD8A02C-2452-4B2C-8009-52528051C09C}.Debug|Any CPU.ActiveCfg = Debug|Any CPU
		{2BD8A02C-2452-4B2C-8009-52528051C09C}.Debug|Any CPU.Build.0 = Debug|Any CPU
		{2BD8A02C-2452-4B2C-8009-52528051C09C}.Release|Any CPU.ActiveCfg = Release|Any CPU
		{2BD8A02C-2452-4B2C-8009-52528051C09C}.Release|Any CPU.Build.0 = Release|Any CPU
		{B730B539-189E-4021-A658-5F1198866E14}.Debug|Any CPU.ActiveCfg = Debug|Any CPU
		{B730B539-189E-4021-A658-5F1198866E14}.Debug|Any CPU.Build.0 = Debug|Any CPU
		{B730B539-189E-4021-A658-5F1198866E14}.Release|Any CPU.ActiveCfg = Release|Any CPU
		{B730B539-189E-4021-A658-5F1198866E14}.Release|Any CPU.Build.0 = Release|Any CPU
		{3FB82F25-3EC3-479C-8F81-40AEAD8EF39C}.Debug|Any CPU.ActiveCfg = Debug|Any CPU
		{3FB82F25-3EC3-479C-8F81-40AEAD8EF39C}.Debug|Any CPU.Build.0 = Debug|Any CPU
		{3FB82F25-3EC3-479C-8F81-40AEAD8EF39C}.Release|Any CPU.ActiveCfg = Release|Any CPU
		{3FB82F25-3EC3-479C-8F81-40AEAD8EF39C}.Release|Any CPU.Build.0 = Release|Any CPU
		{F5A85DE2-D8C5-4EC4-893D-7DA1AC1F8BBF}.Debug|Any CPU.ActiveCfg = Debug|Any CPU
		{F5A85DE2-D8C5-4EC4-893D-7DA1AC1F8BBF}.Debug|Any CPU.Build.0 = Debug|Any CPU
		{F5A85DE2-D8C5-4EC4-893D-7DA1AC1F8BBF}.Release|Any CPU.ActiveCfg = Release|Any CPU
		{F5A85DE2-D8C5-4EC4-893D-7DA1AC1F8BBF}.Release|Any CPU.Build.0 = Release|Any CPU
		{C3CA1454-BD16-4F16-A74B-4F8E31AE0A76}.Debug|Any CPU.ActiveCfg = Debug|Any CPU
		{C3CA1454-BD16-4F16-A74B-4F8E31AE0A76}.Debug|Any CPU.Build.0 = Debug|Any CPU
		{C3CA1454-BD16-4F16-A74B-4F8E31AE0A76}.Release|Any CPU.ActiveCfg = Release|Any CPU
		{C3CA1454-BD16-4F16-A74B-4F8E31AE0A76}.Release|Any CPU.Build.0 = Release|Any CPU
		{C52F985D-302B-4211-9E5B-92568112022E}.Debug|Any CPU.ActiveCfg = Debug|Any CPU
		{C52F985D-302B-4211-9E5B-92568112022E}.Debug|Any CPU.Build.0 = Debug|Any CPU
		{C52F985D-302B-4211-9E5B-92568112022E}.Release|Any CPU.ActiveCfg = Release|Any CPU
		{C52F985D-302B-4211-9E5B-92568112022E}.Release|Any CPU.Build.0 = Release|Any CPU
		{343BCF28-0906-4BF5-90AA-B34B850EE34D}.Debug|Any CPU.ActiveCfg = Debug|Any CPU
		{343BCF28-0906-4BF5-90AA-B34B850EE34D}.Debug|Any CPU.Build.0 = Debug|Any CPU
		{343BCF28-0906-4BF5-90AA-B34B850EE34D}.Release|Any CPU.ActiveCfg = Release|Any CPU
		{343BCF28-0906-4BF5-90AA-B34B850EE34D}.Release|Any CPU.Build.0 = Release|Any CPU
		{DA55B365-3130-444E-BA18-2EBE67218732}.Debug|Any CPU.ActiveCfg = Debug|Any CPU
		{DA55B365-3130-444E-BA18-2EBE67218732}.Debug|Any CPU.Build.0 = Debug|Any CPU
		{DA55B365-3130-444E-BA18-2EBE67218732}.Release|Any CPU.ActiveCfg = Release|Any CPU
		{DA55B365-3130-444E-BA18-2EBE67218732}.Release|Any CPU.Build.0 = Release|Any CPU
		{7653944D-97A6-4468-8F12-E9D903777253}.Debug|Any CPU.ActiveCfg = Debug|Any CPU
		{7653944D-97A6-4468-8F12-E9D903777253}.Debug|Any CPU.Build.0 = Debug|Any CPU
		{7653944D-97A6-4468-8F12-E9D903777253}.Release|Any CPU.ActiveCfg = Release|Any CPU
		{7653944D-97A6-4468-8F12-E9D903777253}.Release|Any CPU.Build.0 = Release|Any CPU
		{6BA5C9FA-99C0-4A0D-AD92-9341DF8F2D32}.Debug|Any CPU.ActiveCfg = Debug|Any CPU
		{6BA5C9FA-99C0-4A0D-AD92-9341DF8F2D32}.Debug|Any CPU.Build.0 = Debug|Any CPU
		{6BA5C9FA-99C0-4A0D-AD92-9341DF8F2D32}.Release|Any CPU.ActiveCfg = Release|Any CPU
		{6BA5C9FA-99C0-4A0D-AD92-9341DF8F2D32}.Release|Any CPU.Build.0 = Release|Any CPU
		{E4D0CADE-573B-4A31-A698-145D3C02053E}.Debug|Any CPU.ActiveCfg = Debug|Any CPU
		{E4D0CADE-573B-4A31-A698-145D3C02053E}.Debug|Any CPU.Build.0 = Debug|Any CPU
		{E4D0CADE-573B-4A31-A698-145D3C02053E}.Release|Any CPU.ActiveCfg = Release|Any CPU
		{E4D0CADE-573B-4A31-A698-145D3C02053E}.Release|Any CPU.Build.0 = Release|Any CPU
	EndGlobalSection
	GlobalSection(SolutionProperties) = preSolution
		HideSolutionNode = FALSE
	EndGlobalSection
	GlobalSection(NestedProjects) = preSolution
		{C1145333-4690-4427-9CAF-408C885A6CE2} = {12538620-9692-43CE-9AA4-E9FF24EEAC3A}
		{2BD8A02C-2452-4B2C-8009-52528051C09C} = {12538620-9692-43CE-9AA4-E9FF24EEAC3A}
		{B730B539-189E-4021-A658-5F1198866E14} = {12538620-9692-43CE-9AA4-E9FF24EEAC3A}
		{3FB82F25-3EC3-479C-8F81-40AEAD8EF39C} = {6FACB451-EA81-41C9-ADFE-E53519BAC489}
		{F5A85DE2-D8C5-4EC4-893D-7DA1AC1F8BBF} = {6FACB451-EA81-41C9-ADFE-E53519BAC489}
		{C3CA1454-BD16-4F16-A74B-4F8E31AE0A76} = {6FACB451-EA81-41C9-ADFE-E53519BAC489}
		{C52F985D-302B-4211-9E5B-92568112022E} = {47E70E05-6111-4491-8376-5140E9D531F3}
		{343BCF28-0906-4BF5-90AA-B34B850EE34D} = {47E70E05-6111-4491-8376-5140E9D531F3}
		{DA55B365-3130-444E-BA18-2EBE67218732} = {47E70E05-6111-4491-8376-5140E9D531F3}
		{7653944D-97A6-4468-8F12-E9D903777253} = {D48623AF-61EA-4F09-9284-812CC22B30F1}
		{6BA5C9FA-99C0-4A0D-AD92-9341DF8F2D32} = {D48623AF-61EA-4F09-9284-812CC22B30F1}
		{E4D0CADE-573B-4A31-A698-145D3C02053E} = {D48623AF-61EA-4F09-9284-812CC22B30F1}
	EndGlobalSection
	GlobalSection(ExtensibilityGlobals) = postSolution
		SolutionGuid = {03E6B47C-6D37-4C2E-AFA1-10B672226374}
	EndGlobalSection
EndGlobal
